// !$*UTF8*$!
{
	archiveVersion = 1;
	classes = {
	};
	objectVersion = 50;
	objects = {

/* Begin PBXBuildFile section */
		041D95AA2B24A75300216C51 /* click_effect-86995.mp3 in Resources */ = {isa = PBXBuildFile; fileRef = 041D95A02B24A75200216C51 /* click_effect-86995.mp3 */; };
		041D95AE2B24A75300216C51 /* HappyMonkey-Regular.ttf in Resources */ = {isa = PBXBuildFile; fileRef = 041D95A42B24A75200216C51 /* HappyMonkey-Regular.ttf */; };
		041D95AF2B24A75300216C51 /* Adventure-320bit(chosic.com).mp3 in Resources */ = {isa = PBXBuildFile; fileRef = 041D95A52B24A75200216C51 /* Adventure-320bit(chosic.com).mp3 */; };
		041D95CC2B24F42A00216C51 /* NavController.swift in Sources */ = {isa = PBXBuildFile; fileRef = 041D95CB2B24F42A00216C51 /* NavController.swift */; };
		043E298A2B25B0A100C42368 /* SoundManager.swift in Sources */ = {isa = PBXBuildFile; fileRef = 043E29892B25B0A100C42368 /* SoundManager.swift */; };
		043E29922B25CD4600C42368 /* CardGameController.swift in Sources */ = {isa = PBXBuildFile; fileRef = 043E29912B25CD4600C42368 /* CardGameController.swift */; };
		043E29972B25CE3800C42368 /* MatchCards.swift in Sources */ = {isa = PBXBuildFile; fileRef = 043E29962B25CE3800C42368 /* MatchCards.swift */; };
		043E299C2B25CEB600C42368 /* Cards.swift in Sources */ = {isa = PBXBuildFile; fileRef = 043E299B2B25CEB600C42368 /* Cards.swift */; };
		044A8B3C2B1F05C700591A09 /* AppDelegate.swift in Sources */ = {isa = PBXBuildFile; fileRef = 044A8B3B2B1F05C700591A09 /* AppDelegate.swift */; };
		044A8B3E2B1F05C700591A09 /* SceneDelegate.swift in Sources */ = {isa = PBXBuildFile; fileRef = 044A8B3D2B1F05C700591A09 /* SceneDelegate.swift */; };
		044A8B402B1F05C700591A09 /* FrontPageViewController.swift in Sources */ = {isa = PBXBuildFile; fileRef = 044A8B3F2B1F05C700591A09 /* FrontPageViewController.swift */; };
		044A8B432B1F05C700591A09 /* Main.storyboard in Resources */ = {isa = PBXBuildFile; fileRef = 044A8B412B1F05C700591A09 /* Main.storyboard */; };
		044A8B452B1F05C900591A09 /* Assets.xcassets in Resources */ = {isa = PBXBuildFile; fileRef = 044A8B442B1F05C900591A09 /* Assets.xcassets */; };
		044A8B482B1F05C900591A09 /* LaunchScreen.storyboard in Resources */ = {isa = PBXBuildFile; fileRef = 044A8B462B1F05C900591A09 /* LaunchScreen.storyboard */; };
		044A8B532B1F05CA00591A09 /* MindMingleTests.swift in Sources */ = {isa = PBXBuildFile; fileRef = 044A8B522B1F05CA00591A09 /* MindMingleTests.swift */; };
		044A8B5E2B1F05CA00591A09 /* MindMingleUITests.swift in Sources */ = {isa = PBXBuildFile; fileRef = 044A8B5D2B1F05CA00591A09 /* MindMingleUITests.swift */; };
		044C72772B2AF3B20001A29D /* Tutorial 2.mov in Resources */ = {isa = PBXBuildFile; fileRef = 044C72762B2AF3B20001A29D /* Tutorial 2.mov */; };
		046EC40D2B290A0D00861C09 /* HighScore.swift in Sources */ = {isa = PBXBuildFile; fileRef = 046EC40C2B290A0D00861C09 /* HighScore.swift */; };
		046EC4122B290A3400861C09 /* HighScoreController.swift in Sources */ = {isa = PBXBuildFile; fileRef = 046EC4112B290A3400861C09 /* HighScoreController.swift */; };
		04CF1A372B2A6AE10063E607 /* yay-6120.mp3 in Resources */ = {isa = PBXBuildFile; fileRef = 04CF1A362B2A6AE10063E607 /* yay-6120.mp3 */; };
		04CF1A3C2B2A6B2E0063E607 /* achievement-sound-1-95506.mp3 in Resources */ = {isa = PBXBuildFile; fileRef = 04CF1A3B2B2A6B2E0063E607 /* achievement-sound-1-95506.mp3 */; };
		04CF1A422B2A788E0063E607 /* negative_beeps-6008.mp3 in Resources */ = {isa = PBXBuildFile; fileRef = 04CF1A402B2A788E0063E607 /* negative_beeps-6008.mp3 */; };
		04CF1A432B2A788E0063E607 /* error-2-126514.mp3 in Resources */ = {isa = PBXBuildFile; fileRef = 04CF1A412B2A788E0063E607 /* error-2-126514.mp3 */; };
		04EAF8CF2B2032BD00846E90 /* CEasyInstructionsViewController.swift in Sources */ = {isa = PBXBuildFile; fileRef = 04EAF8CE2B2032BD00846E90 /* CEasyInstructionsViewController.swift */; };
		04EAF8DD2B20553200846E90 /* CHardInstructionsViewController.swift in Sources */ = {isa = PBXBuildFile; fileRef = 04EAF8DC2B20553200846E90 /* CHardInstructionsViewController.swift */; };
		04EAF8E52B20659100846E90 /* QEasyInstructionsViewController.swift in Sources */ = {isa = PBXBuildFile; fileRef = 04EAF8E42B20659100846E90 /* QEasyInstructionsViewController.swift */; };
		04EAF8EA2B2065AA00846E90 /* QHardInstructionsViewController.swift in Sources */ = {isa = PBXBuildFile; fileRef = 04EAF8E92B2065AA00846E90 /* QHardInstructionsViewController.swift */; };
		04EAF8F32B20695500846E90 /* SettingsViewController.swift in Sources */ = {isa = PBXBuildFile; fileRef = 04EAF8F22B20695500846E90 /* SettingsViewController.swift */; };
		04EAF9042B206F8400846E90 /* OptionViewController.swift in Sources */ = {isa = PBXBuildFile; fileRef = 04EAF9032B206F8400846E90 /* OptionViewController.swift */; };
		04FB9B472B1F19AF00BB04A3 /* NameViewController.swift in Sources */ = {isa = PBXBuildFile; fileRef = 04FB9B462B1F19AF00BB04A3 /* NameViewController.swift */; };
		04FB9B522B1F205F00BB04A3 /* SelectViewController.swift in Sources */ = {isa = PBXBuildFile; fileRef = 04FB9B512B1F205F00BB04A3 /* SelectViewController.swift */; };
		04FB9B572B1F2BD000BB04A3 /* LevelViewController.swift in Sources */ = {isa = PBXBuildFile; fileRef = 04FB9B562B1F2BD000BB04A3 /* LevelViewController.swift */; };
/* End PBXBuildFile section */

/* Begin PBXContainerItemProxy section */
		044A8B4F2B1F05CA00591A09 /* PBXContainerItemProxy */ = {
			isa = PBXContainerItemProxy;
			containerPortal = 044A8B302B1F05C700591A09 /* Project object */;
			proxyType = 1;
			remoteGlobalIDString = 044A8B372B1F05C700591A09;
			remoteInfo = MindMingle;
		};
		044A8B5A2B1F05CA00591A09 /* PBXContainerItemProxy */ = {
			isa = PBXContainerItemProxy;
			containerPortal = 044A8B302B1F05C700591A09 /* Project object */;
			proxyType = 1;
			remoteGlobalIDString = 044A8B372B1F05C700591A09;
			remoteInfo = MindMingle;
		};
/* End PBXContainerItemProxy section */

/* Begin PBXFileReference section */
		041D95A02B24A75200216C51 /* click_effect-86995.mp3 */ = {isa = PBXFileReference; lastKnownFileType = audio.mp3; path = "click_effect-86995.mp3"; sourceTree = "<group>"; };
		041D95A42B24A75200216C51 /* HappyMonkey-Regular.ttf */ = {isa = PBXFileReference; lastKnownFileType = file; path = "HappyMonkey-Regular.ttf"; sourceTree = "<group>"; };
		041D95A52B24A75200216C51 /* Adventure-320bit(chosic.com).mp3 */ = {isa = PBXFileReference; lastKnownFileType = audio.mp3; path = "Adventure-320bit(chosic.com).mp3"; sourceTree = "<group>"; };
		041D95CB2B24F42A00216C51 /* NavController.swift */ = {isa = PBXFileReference; lastKnownFileType = sourcecode.swift; path = NavController.swift; sourceTree = "<group>"; };
		043E29892B25B0A100C42368 /* SoundManager.swift */ = {isa = PBXFileReference; lastKnownFileType = sourcecode.swift; path = SoundManager.swift; sourceTree = "<group>"; };
		043E29912B25CD4600C42368 /* CardGameController.swift */ = {isa = PBXFileReference; lastKnownFileType = sourcecode.swift; path = CardGameController.swift; sourceTree = "<group>"; };
		043E29962B25CE3800C42368 /* MatchCards.swift */ = {isa = PBXFileReference; lastKnownFileType = sourcecode.swift; path = MatchCards.swift; sourceTree = "<group>"; };
		043E299B2B25CEB600C42368 /* Cards.swift */ = {isa = PBXFileReference; lastKnownFileType = sourcecode.swift; path = Cards.swift; sourceTree = "<group>"; };
		044A8B382B1F05C700591A09 /* MindMingle.app */ = {isa = PBXFileReference; explicitFileType = wrapper.application; includeInIndex = 0; path = MindMingle.app; sourceTree = BUILT_PRODUCTS_DIR; };
		044A8B3B2B1F05C700591A09 /* AppDelegate.swift */ = {isa = PBXFileReference; lastKnownFileType = sourcecode.swift; path = AppDelegate.swift; sourceTree = "<group>"; };
		044A8B3D2B1F05C700591A09 /* SceneDelegate.swift */ = {isa = PBXFileReference; lastKnownFileType = sourcecode.swift; path = SceneDelegate.swift; sourceTree = "<group>"; };
		044A8B3F2B1F05C700591A09 /* FrontPageViewController.swift */ = {isa = PBXFileReference; lastKnownFileType = sourcecode.swift; path = FrontPageViewController.swift; sourceTree = "<group>"; };
		044A8B422B1F05C700591A09 /* Base */ = {isa = PBXFileReference; lastKnownFileType = file.storyboard; name = Base; path = Base.lproj/Main.storyboard; sourceTree = "<group>"; };
		044A8B442B1F05C900591A09 /* Assets.xcassets */ = {isa = PBXFileReference; lastKnownFileType = folder.assetcatalog; path = Assets.xcassets; sourceTree = "<group>"; };
		044A8B472B1F05C900591A09 /* Base */ = {isa = PBXFileReference; lastKnownFileType = file.storyboard; name = Base; path = Base.lproj/LaunchScreen.storyboard; sourceTree = "<group>"; };
		044A8B492B1F05C900591A09 /* Info.plist */ = {isa = PBXFileReference; lastKnownFileType = text.plist.xml; path = Info.plist; sourceTree = "<group>"; };
		044A8B4E2B1F05CA00591A09 /* MindMingleTests.xctest */ = {isa = PBXFileReference; explicitFileType = wrapper.cfbundle; includeInIndex = 0; path = MindMingleTests.xctest; sourceTree = BUILT_PRODUCTS_DIR; };
		044A8B522B1F05CA00591A09 /* MindMingleTests.swift */ = {isa = PBXFileReference; lastKnownFileType = sourcecode.swift; path = MindMingleTests.swift; sourceTree = "<group>"; };
		044A8B542B1F05CA00591A09 /* Info.plist */ = {isa = PBXFileReference; lastKnownFileType = text.plist.xml; path = Info.plist; sourceTree = "<group>"; };
		044A8B592B1F05CA00591A09 /* MindMingleUITests.xctest */ = {isa = PBXFileReference; explicitFileType = wrapper.cfbundle; includeInIndex = 0; path = MindMingleUITests.xctest; sourceTree = BUILT_PRODUCTS_DIR; };
		044A8B5D2B1F05CA00591A09 /* MindMingleUITests.swift */ = {isa = PBXFileReference; lastKnownFileType = sourcecode.swift; path = MindMingleUITests.swift; sourceTree = "<group>"; };
		044A8B5F2B1F05CA00591A09 /* Info.plist */ = {isa = PBXFileReference; lastKnownFileType = text.plist.xml; path = Info.plist; sourceTree = "<group>"; };
		044C72762B2AF3B20001A29D /* Tutorial 2.mov */ = {isa = PBXFileReference; lastKnownFileType = video.quicktime; name = "Tutorial 2.mov"; path = "../../../../../Desktop/Tutorial 2.mov"; sourceTree = "<group>"; };
		046EC40C2B290A0D00861C09 /* HighScore.swift */ = {isa = PBXFileReference; lastKnownFileType = sourcecode.swift; path = HighScore.swift; sourceTree = "<group>"; };
		046EC4112B290A3400861C09 /* HighScoreController.swift */ = {isa = PBXFileReference; lastKnownFileType = sourcecode.swift; path = HighScoreController.swift; sourceTree = "<group>"; };
		04CF1A362B2A6AE10063E607 /* yay-6120.mp3 */ = {isa = PBXFileReference; lastKnownFileType = audio.mp3; name = "yay-6120.mp3"; path = "../../../../../Downloads/MindMingle/Sound/yay-6120.mp3"; sourceTree = "<group>"; };
		04CF1A3B2B2A6B2E0063E607 /* achievement-sound-1-95506.mp3 */ = {isa = PBXFileReference; lastKnownFileType = audio.mp3; name = "achievement-sound-1-95506.mp3"; path = "../../../../../Downloads/MindMingle 2/Sound/achievement-sound-1-95506.mp3"; sourceTree = "<group>"; };
		04CF1A402B2A788E0063E607 /* negative_beeps-6008.mp3 */ = {isa = PBXFileReference; lastKnownFileType = audio.mp3; name = "negative_beeps-6008.mp3"; path = "../../../../../Downloads/MindMingle 2/Sound/negative_beeps-6008.mp3"; sourceTree = "<group>"; };
		04CF1A412B2A788E0063E607 /* error-2-126514.mp3 */ = {isa = PBXFileReference; lastKnownFileType = audio.mp3; name = "error-2-126514.mp3"; path = "../../../../../Downloads/MindMingle 2/Sound/error-2-126514.mp3"; sourceTree = "<group>"; };
		04EAF8CE2B2032BD00846E90 /* CEasyInstructionsViewController.swift */ = {isa = PBXFileReference; lastKnownFileType = sourcecode.swift; path = CEasyInstructionsViewController.swift; sourceTree = "<group>"; };
		04EAF8DC2B20553200846E90 /* CHardInstructionsViewController.swift */ = {isa = PBXFileReference; lastKnownFileType = sourcecode.swift; path = CHardInstructionsViewController.swift; sourceTree = "<group>"; };
		04EAF8E42B20659100846E90 /* QEasyInstructionsViewController.swift */ = {isa = PBXFileReference; lastKnownFileType = sourcecode.swift; path = QEasyInstructionsViewController.swift; sourceTree = "<group>"; };
		04EAF8E92B2065AA00846E90 /* QHardInstructionsViewController.swift */ = {isa = PBXFileReference; lastKnownFileType = sourcecode.swift; path = QHardInstructionsViewController.swift; sourceTree = "<group>"; };
		04EAF8F22B20695500846E90 /* SettingsViewController.swift */ = {isa = PBXFileReference; lastKnownFileType = sourcecode.swift; path = SettingsViewController.swift; sourceTree = "<group>"; };
		04EAF9032B206F8400846E90 /* OptionViewController.swift */ = {isa = PBXFileReference; lastKnownFileType = sourcecode.swift; path = OptionViewController.swift; sourceTree = "<group>"; };
		04FB9B462B1F19AF00BB04A3 /* NameViewController.swift */ = {isa = PBXFileReference; lastKnownFileType = sourcecode.swift; path = NameViewController.swift; sourceTree = "<group>"; };
		04FB9B512B1F205F00BB04A3 /* SelectViewController.swift */ = {isa = PBXFileReference; lastKnownFileType = sourcecode.swift; path = SelectViewController.swift; sourceTree = "<group>"; };
		04FB9B562B1F2BD000BB04A3 /* LevelViewController.swift */ = {isa = PBXFileReference; lastKnownFileType = sourcecode.swift; path = LevelViewController.swift; sourceTree = "<group>"; usesTabs = 0; };
/* End PBXFileReference section */

/* Begin PBXFrameworksBuildPhase section */
		044A8B352B1F05C700591A09 /* Frameworks */ = {
			isa = PBXFrameworksBuildPhase;
			buildActionMask = 2147483647;
			files = (
			);
			runOnlyForDeploymentPostprocessing = 0;
		};
		044A8B4B2B1F05CA00591A09 /* Frameworks */ = {
			isa = PBXFrameworksBuildPhase;
			buildActionMask = 2147483647;
			files = (
			);
			runOnlyForDeploymentPostprocessing = 0;
		};
		044A8B562B1F05CA00591A09 /* Frameworks */ = {
			isa = PBXFrameworksBuildPhase;
			buildActionMask = 2147483647;
			files = (
			);
			runOnlyForDeploymentPostprocessing = 0;
		};
/* End PBXFrameworksBuildPhase section */

/* Begin PBXGroup section */
		044A8B2F2B1F05C700591A09 = {
			isa = PBXGroup;
			children = (
				044A8B3A2B1F05C700591A09 /* MindMingle */,
				044A8B512B1F05CA00591A09 /* MindMingleTests */,
				044A8B5C2B1F05CA00591A09 /* MindMingleUITests */,
				044A8B392B1F05C700591A09 /* Products */,
			);
			sourceTree = "<group>";
		};
		044A8B392B1F05C700591A09 /* Products */ = {
			isa = PBXGroup;
			children = (
				044A8B382B1F05C700591A09 /* MindMingle.app */,
				044A8B4E2B1F05CA00591A09 /* MindMingleTests.xctest */,
				044A8B592B1F05CA00591A09 /* MindMingleUITests.xctest */,
			);
			name = Products;
			sourceTree = "<group>";
		};
		044A8B3A2B1F05C700591A09 /* MindMingle */ = {
			isa = PBXGroup;
			children = (
				044C72762B2AF3B20001A29D /* Tutorial 2.mov */,
				04CF1A412B2A788E0063E607 /* error-2-126514.mp3 */,
				04CF1A402B2A788E0063E607 /* negative_beeps-6008.mp3 */,
				04CF1A3B2B2A6B2E0063E607 /* achievement-sound-1-95506.mp3 */,
				04CF1A362B2A6AE10063E607 /* yay-6120.mp3 */,
				041D95A52B24A75200216C51 /* Adventure-320bit(chosic.com).mp3 */,
				041D95A02B24A75200216C51 /* click_effect-86995.mp3 */,
				041D95A42B24A75200216C51 /* HappyMonkey-Regular.ttf */,
				044A8B3B2B1F05C700591A09 /* AppDelegate.swift */,
				044A8B442B1F05C900591A09 /* Assets.xcassets */,
				044A8B492B1F05C900591A09 /* Info.plist */,
				044A8B462B1F05C900591A09 /* LaunchScreen.storyboard */,
				044A8B412B1F05C700591A09 /* Main.storyboard */,
				044A8B3D2B1F05C700591A09 /* SceneDelegate.swift */,
				044A8B3F2B1F05C700591A09 /* FrontPageViewController.swift */,
				04FB9B462B1F19AF00BB04A3 /* NameViewController.swift */,
				04FB9B512B1F205F00BB04A3 /* SelectViewController.swift */,
				04FB9B562B1F2BD000BB04A3 /* LevelViewController.swift */,
				04EAF8CE2B2032BD00846E90 /* CEasyInstructionsViewController.swift */,
				04EAF8DC2B20553200846E90 /* CHardInstructionsViewController.swift */,
				04EAF8E42B20659100846E90 /* QEasyInstructionsViewController.swift */,
				04EAF8E92B2065AA00846E90 /* QHardInstructionsViewController.swift */,
				04EAF8F22B20695500846E90 /* SettingsViewController.swift */,
				04EAF9032B206F8400846E90 /* OptionViewController.swift */,
				041D95CB2B24F42A00216C51 /* NavController.swift */,
				043E29892B25B0A100C42368 /* SoundManager.swift */,
				043E29912B25CD4600C42368 /* CardGameController.swift */,
				043E29962B25CE3800C42368 /* MatchCards.swift */,
				043E299B2B25CEB600C42368 /* Cards.swift */,
				046EC40C2B290A0D00861C09 /* HighScore.swift */,
				046EC4112B290A3400861C09 /* HighScoreController.swift */,
			);
			path = MindMingle;
			sourceTree = "<group>";
		};
		044A8B512B1F05CA00591A09 /* MindMingleTests */ = {
			isa = PBXGroup;
			children = (
				044A8B522B1F05CA00591A09 /* MindMingleTests.swift */,
				044A8B542B1F05CA00591A09 /* Info.plist */,
			);
			path = MindMingleTests;
			sourceTree = "<group>";
		};
		044A8B5C2B1F05CA00591A09 /* MindMingleUITests */ = {
			isa = PBXGroup;
			children = (
				044A8B5D2B1F05CA00591A09 /* MindMingleUITests.swift */,
				044A8B5F2B1F05CA00591A09 /* Info.plist */,
			);
			path = MindMingleUITests;
			sourceTree = "<group>";
		};
/* End PBXGroup section */

/* Begin PBXNativeTarget section */
		044A8B372B1F05C700591A09 /* MindMingle */ = {
			isa = PBXNativeTarget;
			buildConfigurationList = 044A8B622B1F05CA00591A09 /* Build configuration list for PBXNativeTarget "MindMingle" */;
			buildPhases = (
				044A8B342B1F05C700591A09 /* Sources */,
				044A8B352B1F05C700591A09 /* Frameworks */,
				044A8B362B1F05C700591A09 /* Resources */,
			);
			buildRules = (
			);
			dependencies = (
			);
			name = MindMingle;
			productName = MindMingle;
			productReference = 044A8B382B1F05C700591A09 /* MindMingle.app */;
			productType = "com.apple.product-type.application";
		};
		044A8B4D2B1F05CA00591A09 /* MindMingleTests */ = {
			isa = PBXNativeTarget;
			buildConfigurationList = 044A8B652B1F05CA00591A09 /* Build configuration list for PBXNativeTarget "MindMingleTests" */;
			buildPhases = (
				044A8B4A2B1F05CA00591A09 /* Sources */,
				044A8B4B2B1F05CA00591A09 /* Frameworks */,
				044A8B4C2B1F05CA00591A09 /* Resources */,
			);
			buildRules = (
			);
			dependencies = (
				044A8B502B1F05CA00591A09 /* PBXTargetDependency */,
			);
			name = MindMingleTests;
			productName = MindMingleTests;
			productReference = 044A8B4E2B1F05CA00591A09 /* MindMingleTests.xctest */;
			productType = "com.apple.product-type.bundle.unit-test";
		};
		044A8B582B1F05CA00591A09 /* MindMingleUITests */ = {
			isa = PBXNativeTarget;
			buildConfigurationList = 044A8B682B1F05CA00591A09 /* Build configuration list for PBXNativeTarget "MindMingleUITests" */;
			buildPhases = (
				044A8B552B1F05CA00591A09 /* Sources */,
				044A8B562B1F05CA00591A09 /* Frameworks */,
				044A8B572B1F05CA00591A09 /* Resources */,
			);
			buildRules = (
			);
			dependencies = (
				044A8B5B2B1F05CA00591A09 /* PBXTargetDependency */,
			);
			name = MindMingleUITests;
			productName = MindMingleUITests;
			productReference = 044A8B592B1F05CA00591A09 /* MindMingleUITests.xctest */;
			productType = "com.apple.product-type.bundle.ui-testing";
		};
/* End PBXNativeTarget section */

/* Begin PBXProject section */
		044A8B302B1F05C700591A09 /* Project object */ = {
			isa = PBXProject;
			attributes = {
				LastSwiftUpdateCheck = 1240;
				LastUpgradeCheck = 1240;
				TargetAttributes = {
					044A8B372B1F05C700591A09 = {
						CreatedOnToolsVersion = 12.4;
					};
					044A8B4D2B1F05CA00591A09 = {
						CreatedOnToolsVersion = 12.4;
						TestTargetID = 044A8B372B1F05C700591A09;
					};
					044A8B582B1F05CA00591A09 = {
						CreatedOnToolsVersion = 12.4;
						TestTargetID = 044A8B372B1F05C700591A09;
					};
				};
			};
			buildConfigurationList = 044A8B332B1F05C700591A09 /* Build configuration list for PBXProject "MindMingle" */;
			compatibilityVersion = "Xcode 9.3";
			developmentRegion = en;
			hasScannedForEncodings = 0;
			knownRegions = (
				en,
				Base,
			);
			mainGroup = 044A8B2F2B1F05C700591A09;
			productRefGroup = 044A8B392B1F05C700591A09 /* Products */;
			projectDirPath = "";
			projectRoot = "";
			targets = (
				044A8B372B1F05C700591A09 /* MindMingle */,
				044A8B4D2B1F05CA00591A09 /* MindMingleTests */,
				044A8B582B1F05CA00591A09 /* MindMingleUITests */,
			);
		};
/* End PBXProject section */

/* Begin PBXResourcesBuildPhase section */
		044A8B362B1F05C700591A09 /* Resources */ = {
			isa = PBXResourcesBuildPhase;
			buildActionMask = 2147483647;
			files = (
				041D95AA2B24A75300216C51 /* click_effect-86995.mp3 in Resources */,
				04CF1A432B2A788E0063E607 /* error-2-126514.mp3 in Resources */,
				041D95AE2B24A75300216C51 /* HappyMonkey-Regular.ttf in Resources */,
				044A8B482B1F05C900591A09 /* LaunchScreen.storyboard in Resources */,
				044A8B452B1F05C900591A09 /* Assets.xcassets in Resources */,
				04CF1A372B2A6AE10063E607 /* yay-6120.mp3 in Resources */,
				041D95AF2B24A75300216C51 /* Adventure-320bit(chosic.com).mp3 in Resources */,
				044C72772B2AF3B20001A29D /* Tutorial 2.mov in Resources */,
				04CF1A3C2B2A6B2E0063E607 /* achievement-sound-1-95506.mp3 in Resources */,
				044A8B432B1F05C700591A09 /* Main.storyboard in Resources */,
				04CF1A422B2A788E0063E607 /* negative_beeps-6008.mp3 in Resources */,
			);
			runOnlyForDeploymentPostprocessing = 0;
		};
		044A8B4C2B1F05CA00591A09 /* Resources */ = {
			isa = PBXResourcesBuildPhase;
			buildActionMask = 2147483647;
			files = (
			);
			runOnlyForDeploymentPostprocessing = 0;
		};
		044A8B572B1F05CA00591A09 /* Resources */ = {
			isa = PBXResourcesBuildPhase;
			buildActionMask = 2147483647;
			files = (
			);
			runOnlyForDeploymentPostprocessing = 0;
		};
/* End PBXResourcesBuildPhase section */

/* Begin PBXSourcesBuildPhase section */
		044A8B342B1F05C700591A09 /* Sources */ = {
			isa = PBXSourcesBuildPhase;
			buildActionMask = 2147483647;
			files = (
				04EAF8E52B20659100846E90 /* QEasyInstructionsViewController.swift in Sources */,
				043E29922B25CD4600C42368 /* CardGameController.swift in Sources */,
				046EC4122B290A3400861C09 /* HighScoreController.swift in Sources */,
				04FB9B522B1F205F00BB04A3 /* SelectViewController.swift in Sources */,
				043E29972B25CE3800C42368 /* MatchCards.swift in Sources */,
				046EC40D2B290A0D00861C09 /* HighScore.swift in Sources */,
				04EAF8F32B20695500846E90 /* SettingsViewController.swift in Sources */,
				044A8B402B1F05C700591A09 /* FrontPageViewController.swift in Sources */,
				04EAF8DD2B20553200846E90 /* CHardInstructionsViewController.swift in Sources */,
				043E298A2B25B0A100C42368 /* SoundManager.swift in Sources */,
				04EAF9042B206F8400846E90 /* OptionViewController.swift in Sources */,
				043E299C2B25CEB600C42368 /* Cards.swift in Sources */,
				04EAF8CF2B2032BD00846E90 /* CEasyInstructionsViewController.swift in Sources */,
				044A8B3C2B1F05C700591A09 /* AppDelegate.swift in Sources */,
				04EAF8EA2B2065AA00846E90 /* QHardInstructionsViewController.swift in Sources */,
				04FB9B572B1F2BD000BB04A3 /* LevelViewController.swift in Sources */,
				044A8B3E2B1F05C700591A09 /* SceneDelegate.swift in Sources */,
				041D95CC2B24F42A00216C51 /* NavController.swift in Sources */,
				04FB9B472B1F19AF00BB04A3 /* NameViewController.swift in Sources */,
			);
			runOnlyForDeploymentPostprocessing = 0;
		};
		044A8B4A2B1F05CA00591A09 /* Sources */ = {
			isa = PBXSourcesBuildPhase;
			buildActionMask = 2147483647;
			files = (
				044A8B532B1F05CA00591A09 /* MindMingleTests.swift in Sources */,
			);
			runOnlyForDeploymentPostprocessing = 0;
		};
		044A8B552B1F05CA00591A09 /* Sources */ = {
			isa = PBXSourcesBuildPhase;
			buildActionMask = 2147483647;
			files = (
				044A8B5E2B1F05CA00591A09 /* MindMingleUITests.swift in Sources */,
			);
			runOnlyForDeploymentPostprocessing = 0;
		};
/* End PBXSourcesBuildPhase section */

/* Begin PBXTargetDependency section */
		044A8B502B1F05CA00591A09 /* PBXTargetDependency */ = {
			isa = PBXTargetDependency;
			target = 044A8B372B1F05C700591A09 /* MindMingle */;
			targetProxy = 044A8B4F2B1F05CA00591A09 /* PBXContainerItemProxy */;
		};
		044A8B5B2B1F05CA00591A09 /* PBXTargetDependency */ = {
			isa = PBXTargetDependency;
			target = 044A8B372B1F05C700591A09 /* MindMingle */;
			targetProxy = 044A8B5A2B1F05CA00591A09 /* PBXContainerItemProxy */;
		};
/* End PBXTargetDependency section */

/* Begin PBXVariantGroup section */
		044A8B412B1F05C700591A09 /* Main.storyboard */ = {
			isa = PBXVariantGroup;
			children = (
				044A8B422B1F05C700591A09 /* Base */,
			);
			name = Main.storyboard;
			sourceTree = "<group>";
		};
		044A8B462B1F05C900591A09 /* LaunchScreen.storyboard */ = {
			isa = PBXVariantGroup;
			children = (
				044A8B472B1F05C900591A09 /* Base */,
			);
			name = LaunchScreen.storyboard;
			sourceTree = "<group>";
		};
/* End PBXVariantGroup section */

/* Begin XCBuildConfiguration section */
		044A8B602B1F05CA00591A09 /* Debug */ = {
			isa = XCBuildConfiguration;
			buildSettings = {
				ALWAYS_SEARCH_USER_PATHS = NO;
				CLANG_ANALYZER_NONNULL = YES;
				CLANG_ANALYZER_NUMBER_OBJECT_CONVERSION = YES_AGGRESSIVE;
				CLANG_CXX_LANGUAGE_STANDARD = "gnu++14";
				CLANG_CXX_LIBRARY = "libc++";
				CLANG_ENABLE_MODULES = YES;
				CLANG_ENABLE_OBJC_ARC = YES;
				CLANG_ENABLE_OBJC_WEAK = YES;
				CLANG_WARN_BLOCK_CAPTURE_AUTORELEASING = YES;
				CLANG_WARN_BOOL_CONVERSION = YES;
				CLANG_WARN_COMMA = YES;
				CLANG_WARN_CONSTANT_CONVERSION = YES;
				CLANG_WARN_DEPRECATED_OBJC_IMPLEMENTATIONS = YES;
				CLANG_WARN_DIRECT_OBJC_ISA_USAGE = YES_ERROR;
				CLANG_WARN_DOCUMENTATION_COMMENTS = YES;
				CLANG_WARN_EMPTY_BODY = YES;
				CLANG_WARN_ENUM_CONVERSION = YES;
				CLANG_WARN_INFINITE_RECURSION = YES;
				CLANG_WARN_INT_CONVERSION = YES;
				CLANG_WARN_NON_LITERAL_NULL_CONVERSION = YES;
				CLANG_WARN_OBJC_IMPLICIT_RETAIN_SELF = YES;
				CLANG_WARN_OBJC_LITERAL_CONVERSION = YES;
				CLANG_WARN_OBJC_ROOT_CLASS = YES_ERROR;
				CLANG_WARN_QUOTED_INCLUDE_IN_FRAMEWORK_HEADER = YES;
				CLANG_WARN_RANGE_LOOP_ANALYSIS = YES;
				CLANG_WARN_STRICT_PROTOTYPES = YES;
				CLANG_WARN_SUSPICIOUS_MOVE = YES;
				CLANG_WARN_UNGUARDED_AVAILABILITY = YES_AGGRESSIVE;
				CLANG_WARN_UNREACHABLE_CODE = YES;
				CLANG_WARN__DUPLICATE_METHOD_MATCH = YES;
				COPY_PHASE_STRIP = NO;
				DEBUG_INFORMATION_FORMAT = dwarf;
				ENABLE_STRICT_OBJC_MSGSEND = YES;
				ENABLE_TESTABILITY = YES;
				GCC_C_LANGUAGE_STANDARD = gnu11;
				GCC_DYNAMIC_NO_PIC = NO;
				GCC_NO_COMMON_BLOCKS = YES;
				GCC_OPTIMIZATION_LEVEL = 0;
				GCC_PREPROCESSOR_DEFINITIONS = (
					"DEBUG=1",
					"$(inherited)",
				);
				GCC_WARN_64_TO_32_BIT_CONVERSION = YES;
				GCC_WARN_ABOUT_RETURN_TYPE = YES_ERROR;
				GCC_WARN_UNDECLARED_SELECTOR = YES;
				GCC_WARN_UNINITIALIZED_AUTOS = YES_AGGRESSIVE;
				GCC_WARN_UNUSED_FUNCTION = YES;
				GCC_WARN_UNUSED_VARIABLE = YES;
				IPHONEOS_DEPLOYMENT_TARGET = 14.4;
				MTL_ENABLE_DEBUG_INFO = INCLUDE_SOURCE;
				MTL_FAST_MATH = YES;
				ONLY_ACTIVE_ARCH = YES;
				SDKROOT = iphoneos;
				SWIFT_ACTIVE_COMPILATION_CONDITIONS = DEBUG;
				SWIFT_OPTIMIZATION_LEVEL = "-Onone";
			};
			name = Debug;
		};
		044A8B612B1F05CA00591A09 /* Release */ = {
			isa = XCBuildConfiguration;
			buildSettings = {
				ALWAYS_SEARCH_USER_PATHS = NO;
				CLANG_ANALYZER_NONNULL = YES;
				CLANG_ANALYZER_NUMBER_OBJECT_CONVERSION = YES_AGGRESSIVE;
				CLANG_CXX_LANGUAGE_STANDARD = "gnu++14";
				CLANG_CXX_LIBRARY = "libc++";
				CLANG_ENABLE_MODULES = YES;
				CLANG_ENABLE_OBJC_ARC = YES;
				CLANG_ENABLE_OBJC_WEAK = YES;
				CLANG_WARN_BLOCK_CAPTURE_AUTORELEASING = YES;
				CLANG_WARN_BOOL_CONVERSION = YES;
				CLANG_WARN_COMMA = YES;
				CLANG_WARN_CONSTANT_CONVERSION = YES;
				CLANG_WARN_DEPRECATED_OBJC_IMPLEMENTATIONS = YES;
				CLANG_WARN_DIRECT_OBJC_ISA_USAGE = YES_ERROR;
				CLANG_WARN_DOCUMENTATION_COMMENTS = YES;
				CLANG_WARN_EMPTY_BODY = YES;
				CLANG_WARN_ENUM_CONVERSION = YES;
				CLANG_WARN_INFINITE_RECURSION = YES;
				CLANG_WARN_INT_CONVERSION = YES;
				CLANG_WARN_NON_LITERAL_NULL_CONVERSION = YES;
				CLANG_WARN_OBJC_IMPLICIT_RETAIN_SELF = YES;
				CLANG_WARN_OBJC_LITERAL_CONVERSION = YES;
				CLANG_WARN_OBJC_ROOT_CLASS = YES_ERROR;
				CLANG_WARN_QUOTED_INCLUDE_IN_FRAMEWORK_HEADER = YES;
				CLANG_WARN_RANGE_LOOP_ANALYSIS = YES;
				CLANG_WARN_STRICT_PROTOTYPES = YES;
				CLANG_WARN_SUSPICIOUS_MOVE = YES;
				CLANG_WARN_UNGUARDED_AVAILABILITY = YES_AGGRESSIVE;
				CLANG_WARN_UNREACHABLE_CODE = YES;
				CLANG_WARN__DUPLICATE_METHOD_MATCH = YES;
				COPY_PHASE_STRIP = NO;
				DEBUG_INFORMATION_FORMAT = "dwarf-with-dsym";
				ENABLE_NS_ASSERTIONS = NO;
				ENABLE_STRICT_OBJC_MSGSEND = YES;
				GCC_C_LANGUAGE_STANDARD = gnu11;
				GCC_NO_COMMON_BLOCKS = YES;
				GCC_WARN_64_TO_32_BIT_CONVERSION = YES;
				GCC_WARN_ABOUT_RETURN_TYPE = YES_ERROR;
				GCC_WARN_UNDECLARED_SELECTOR = YES;
				GCC_WARN_UNINITIALIZED_AUTOS = YES_AGGRESSIVE;
				GCC_WARN_UNUSED_FUNCTION = YES;
				GCC_WARN_UNUSED_VARIABLE = YES;
				IPHONEOS_DEPLOYMENT_TARGET = 14.4;
				MTL_ENABLE_DEBUG_INFO = NO;
				MTL_FAST_MATH = YES;
				SDKROOT = iphoneos;
				SWIFT_COMPILATION_MODE = wholemodule;
				SWIFT_OPTIMIZATION_LEVEL = "-O";
				VALIDATE_PRODUCT = YES;
			};
			name = Release;
		};
		044A8B632B1F05CA00591A09 /* Debug */ = {
			isa = XCBuildConfiguration;
			buildSettings = {
				ASSETCATALOG_COMPILER_APPICON_NAME = AppIcon;
				ASSETCATALOG_COMPILER_GLOBAL_ACCENT_COLOR_NAME = AccentColor;
				CODE_SIGN_STYLE = Automatic;
				INFOPLIST_FILE = MindMingle/Info.plist;
				LD_RUNPATH_SEARCH_PATHS = (
					"$(inherited)",
					"@executable_path/Frameworks",
				);
				PRODUCT_BUNDLE_IDENTIFIER = IBA.MindMingle;
				PRODUCT_NAME = "$(TARGET_NAME)";
				SWIFT_VERSION = 5.0;
				TARGETED_DEVICE_FAMILY = "1,2";
			};
			name = Debug;
		};
		044A8B642B1F05CA00591A09 /* Release */ = {
			isa = XCBuildConfiguration;
			buildSettings = {
				ASSETCATALOG_COMPILER_APPICON_NAME = AppIcon;
				ASSETCATALOG_COMPILER_GLOBAL_ACCENT_COLOR_NAME = AccentColor;
				CODE_SIGN_STYLE = Automatic;
				INFOPLIST_FILE = MindMingle/Info.plist;
				LD_RUNPATH_SEARCH_PATHS = (
					"$(inherited)",
					"@executable_path/Frameworks",
				);
				PRODUCT_BUNDLE_IDENTIFIER = IBA.MindMingle;
				PRODUCT_NAME = "$(TARGET_NAME)";
				SWIFT_VERSION = 5.0;
				TARGETED_DEVICE_FAMILY = "1,2";
			};
			name = Release;
		};
		044A8B662B1F05CA00591A09 /* Debug */ = {
			isa = XCBuildConfiguration;
			buildSettings = {
				ALWAYS_EMBED_SWIFT_STANDARD_LIBRARIES = YES;
				BUNDLE_LOADER = "$(TEST_HOST)";
				CODE_SIGN_STYLE = Automatic;
				INFOPLIST_FILE = MindMingleTests/Info.plist;
				IPHONEOS_DEPLOYMENT_TARGET = 14.4;
				LD_RUNPATH_SEARCH_PATHS = (
					"$(inherited)",
					"@executable_path/Frameworks",
					"@loader_path/Frameworks",
				);
				PRODUCT_BUNDLE_IDENTIFIER = IBA.MindMingleTests;
				PRODUCT_NAME = "$(TARGET_NAME)";
				SWIFT_VERSION = 5.0;
				TARGETED_DEVICE_FAMILY = "1,2";
				TEST_HOST = "$(BUILT_PRODUCTS_DIR)/MindMingle.app/MindMingle";
			};
			name = Debug;
		};
		044A8B672B1F05CA00591A09 /* Release */ = {
			isa = XCBuildConfiguration;
			buildSettings = {
				ALWAYS_EMBED_SWIFT_STANDARD_LIBRARIES = YES;
				BUNDLE_LOADER = "$(TEST_HOST)";
				CODE_SIGN_STYLE = Automatic;
				INFOPLIST_FILE = MindMingleTests/Info.plist;
				IPHONEOS_DEPLOYMENT_TARGET = 14.4;
				LD_RUNPATH_SEARCH_PATHS = (
					"$(inherited)",
					"@executable_path/Frameworks",
					"@loader_path/Frameworks",
				);
				PRODUCT_BUNDLE_IDENTIFIER = IBA.MindMingleTests;
				PRODUCT_NAME = "$(TARGET_NAME)";
				SWIFT_VERSION = 5.0;
				TARGETED_DEVICE_FAMILY = "1,2";
				TEST_HOST = "$(BUILT_PRODUCTS_DIR)/MindMingle.app/MindMingle";
			};
			name = Release;
		};
		044A8B692B1F05CA00591A09 /* Debug */ = {
			isa = XCBuildConfiguration;
			buildSettings = {
				ALWAYS_EMBED_SWIFT_STANDARD_LIBRARIES = YES;
				CODE_SIGN_STYLE = Automatic;
				INFOPLIST_FILE = MindMingleUITests/Info.plist;
				LD_RUNPATH_SEARCH_PATHS = (
					"$(inherited)",
					"@executable_path/Frameworks",
					"@loader_path/Frameworks",
				);
				PRODUCT_BUNDLE_IDENTIFIER = IBA.MindMingleUITests;
				PRODUCT_NAME = "$(TARGET_NAME)";
				SWIFT_VERSION = 5.0;
				TARGETED_DEVICE_FAMILY = "1,2";
				TEST_TARGET_NAME = MindMingle;
			};
			name = Debug;
		};
		044A8B6A2B1F05CA00591A09 /* Release */ = {
			isa = XCBuildConfiguration;
			buildSettings = {
				ALWAYS_EMBED_SWIFT_STANDARD_LIBRARIES = YES;
				CODE_SIGN_STYLE = Automatic;
				INFOPLIST_FILE = MindMingleUITests/Info.plist;
				LD_RUNPATH_SEARCH_PATHS = (
					"$(inherited)",
					"@executable_path/Frameworks",
					"@loader_path/Frameworks",
				);
				PRODUCT_BUNDLE_IDENTIFIER = IBA.MindMingleUITests;
				PRODUCT_NAME = "$(TARGET_NAME)";
				SWIFT_VERSION = 5.0;
				TARGETED_DEVICE_FAMILY = "1,2";
				TEST_TARGET_NAME = MindMingle;
			};
			name = Release;
		};
/* End XCBuildConfiguration section */

/* Begin XCConfigurationList section */
		044A8B332B1F05C700591A09 /* Build configuration list for PBXProject "MindMingle" */ = {
			isa = XCConfigurationList;
			buildConfigurations = (
				044A8B602B1F05CA00591A09 /* Debug */,
				044A8B612B1F05CA00591A09 /* Release */,
			);
			defaultConfigurationIsVisible = 0;
			defaultConfigurationName = Release;
		};
		044A8B622B1F05CA00591A09 /* Build configuration list for PBXNativeTarget "MindMingle" */ = {
			isa = XCConfigurationList;
			buildConfigurations = (
				044A8B632B1F05CA00591A09 /* Debug */,
				044A8B642B1F05CA00591A09 /* Release */,
			);
			defaultConfigurationIsVisible = 0;
			defaultConfigurationName = Release;
		};
		044A8B652B1F05CA00591A09 /* Build configuration list for PBXNativeTarget "MindMingleTests" */ = {
			isa = XCConfigurationList;
			buildConfigurations = (
				044A8B662B1F05CA00591A09 /* Debug */,
				044A8B672B1F05CA00591A09 /* Release */,
			);
			defaultConfigurationIsVisible = 0;
			defaultConfigurationName = Release;
		};
		044A8B682B1F05CA00591A09 /* Build configuration list for PBXNativeTarget "MindMingleUITests" */ = {
			isa = XCConfigurationList;
			buildConfigurations = (
				044A8B692B1F05CA00591A09 /* Debug */,
				044A8B6A2B1F05CA00591A09 /* Release */,
			);
			defaultConfigurationIsVisible = 0;
			defaultConfigurationName = Release;
		};
/* End XCConfigurationList section */
	};
	rootObject = 044A8B302B1F05C700591A09 /* Project object */;
}
